// !$*UTF8*$!
{
	archiveVersion = 1;
	classes = {
	};
	objectVersion = 51;
	objects = {

/* Begin PBXBuildFile section */
		4785A3F500556FF7A1B3B8B2 /* Pods_JSNetworkExampleTests.framework in Frameworks */ = {isa = PBXBuildFile; fileRef = EEE85DB23407D3EF34D908FC /* Pods_JSNetworkExampleTests.framework */; };
		7A23BEB3258CE06D00A4063B /* File.swift in Sources */ = {isa = PBXBuildFile; fileRef = 7A23BEB2258CE06D00A4063B /* File.swift */; };
		7A2684D4244E7700004A7C82 /* AppDelegate.m in Sources */ = {isa = PBXBuildFile; fileRef = 7A2684D3244E7700004A7C82 /* AppDelegate.m */; };
		7A2684DA244E7700004A7C82 /* ViewController.m in Sources */ = {isa = PBXBuildFile; fileRef = 7A2684D9244E7700004A7C82 /* ViewController.m */; };
		7A2684DD244E7700004A7C82 /* Main.storyboard in Resources */ = {isa = PBXBuildFile; fileRef = 7A2684DB244E7700004A7C82 /* Main.storyboard */; };
		7A2684DF244E7701004A7C82 /* Assets.xcassets in Resources */ = {isa = PBXBuildFile; fileRef = 7A2684DE244E7701004A7C82 /* Assets.xcassets */; };
		7A2684E2244E7701004A7C82 /* LaunchScreen.storyboard in Resources */ = {isa = PBXBuildFile; fileRef = 7A2684E0244E7701004A7C82 /* LaunchScreen.storyboard */; };
		7A2684E5244E7701004A7C82 /* main.m in Sources */ = {isa = PBXBuildFile; fileRef = 7A2684E4244E7701004A7C82 /* main.m */; };
		7A2684F3244E824B004A7C82 /* BaseAPI.m in Sources */ = {isa = PBXBuildFile; fileRef = 7A2684F2244E824B004A7C82 /* BaseAPI.m */; };
		7A2684F6244E825A004A7C82 /* CNodeAPI.m in Sources */ = {isa = PBXBuildFile; fileRef = 7A2684F4244E825A004A7C82 /* CNodeAPI.m */; };
		7A2684FD244E8263004A7C82 /* NetworkResponse.m in Sources */ = {isa = PBXBuildFile; fileRef = 7A2684F7244E8262004A7C82 /* NetworkResponse.m */; };
		7A2684FF244E8263004A7C82 /* NetworkToastPlugin.m in Sources */ = {isa = PBXBuildFile; fileRef = 7A2684FC244E8263004A7C82 /* NetworkToastPlugin.m */; };
		7A36CCE825AA0CF60094224C /* AlamofireRequest1.swift in Sources */ = {isa = PBXBuildFile; fileRef = 7A36CCE725AA0CF60094224C /* AlamofireRequest1.swift */; };
		7A3968CC48DB5C07666C3259 /* Pods_JSNetworkExampleUITests.framework in Frameworks */ = {isa = PBXBuildFile; fileRef = A09027640755F8E1CE2621AE /* Pods_JSNetworkExampleUITests.framework */; };
		7A98C863246FDD5800123894 /* DownloadAPI.m in Sources */ = {isa = PBXBuildFile; fileRef = 7A98C862246FDD5800123894 /* DownloadAPI.m */; };
		7A98C869246FFD1500123894 /* UploadImageAPI.m in Sources */ = {isa = PBXBuildFile; fileRef = 7A98C868246FFD1500123894 /* UploadImageAPI.m */; };
		7AFE30BF26E8BCF300354384 /* JSNetworkExampleUITests.swift in Sources */ = {isa = PBXBuildFile; fileRef = 7AFE30BE26E8BCF300354384 /* JSNetworkExampleUITests.swift */; };
		7AFE30CD26E8BD3E00354384 /* JSNetworkExampleTests.swift in Sources */ = {isa = PBXBuildFile; fileRef = 7AFE30CC26E8BD3E00354384 /* JSNetworkExampleTests.swift */; };
		98BE71BF735857902847A1ED /* Pods_JSNetworkExample.framework in Frameworks */ = {isa = PBXBuildFile; fileRef = 2AEFA68872EF8F3A3339945E /* Pods_JSNetworkExample.framework */; };
/* End PBXBuildFile section */

/* Begin PBXContainerItemProxy section */
		7AFE30C126E8BCF300354384 /* PBXContainerItemProxy */ = {
			isa = PBXContainerItemProxy;
			containerPortal = 7A2684C7244E7700004A7C82 /* Project object */;
			proxyType = 1;
			remoteGlobalIDString = 7A2684CE244E7700004A7C82;
			remoteInfo = JSNetworkExample;
		};
		7AFE30CF26E8BD3E00354384 /* PBXContainerItemProxy */ = {
			isa = PBXContainerItemProxy;
			containerPortal = 7A2684C7244E7700004A7C82 /* Project object */;
			proxyType = 1;
			remoteGlobalIDString = 7A2684CE244E7700004A7C82;
			remoteInfo = JSNetworkExample;
		};
/* End PBXContainerItemProxy section */

/* Begin PBXFileReference section */
		1E47FA125FBFCDD8D60C424B /* Pods-JSNetworkExampleUITests.debug.xcconfig */ = {isa = PBXFileReference; includeInIndex = 1; lastKnownFileType = text.xcconfig; name = "Pods-JSNetworkExampleUITests.debug.xcconfig"; path = "Target Support Files/Pods-JSNetworkExampleUITests/Pods-JSNetworkExampleUITests.debug.xcconfig"; sourceTree = "<group>"; };
		2AEFA68872EF8F3A3339945E /* Pods_JSNetworkExample.framework */ = {isa = PBXFileReference; explicitFileType = wrapper.framework; includeInIndex = 0; path = Pods_JSNetworkExample.framework; sourceTree = BUILT_PRODUCTS_DIR; };
		2E3820DB0C49A8567FC2B569 /* Pods-JSNetworkExampleUITests.release.xcconfig */ = {isa = PBXFileReference; includeInIndex = 1; lastKnownFileType = text.xcconfig; name = "Pods-JSNetworkExampleUITests.release.xcconfig"; path = "Target Support Files/Pods-JSNetworkExampleUITests/Pods-JSNetworkExampleUITests.release.xcconfig"; sourceTree = "<group>"; };
		415F8A3331005085C610FDAD /* Pods-JSNetworkExample.debug.xcconfig */ = {isa = PBXFileReference; includeInIndex = 1; lastKnownFileType = text.xcconfig; name = "Pods-JSNetworkExample.debug.xcconfig"; path = "Target Support Files/Pods-JSNetworkExample/Pods-JSNetworkExample.debug.xcconfig"; sourceTree = "<group>"; };
		5ABF2FC68F9361DCCC3CB299 /* Pods-JSNetworkExampleTests.debug.xcconfig */ = {isa = PBXFileReference; includeInIndex = 1; lastKnownFileType = text.xcconfig; name = "Pods-JSNetworkExampleTests.debug.xcconfig"; path = "Target Support Files/Pods-JSNetworkExampleTests/Pods-JSNetworkExampleTests.debug.xcconfig"; sourceTree = "<group>"; };
		7A23BEB1258CE06D00A4063B /* JSNetworkExample-Bridging-Header.h */ = {isa = PBXFileReference; lastKnownFileType = sourcecode.c.h; path = "JSNetworkExample-Bridging-Header.h"; sourceTree = "<group>"; };
		7A23BEB2258CE06D00A4063B /* File.swift */ = {isa = PBXFileReference; lastKnownFileType = sourcecode.swift; path = File.swift; sourceTree = "<group>"; };
		7A2684CF244E7700004A7C82 /* JSNetworkExample.app */ = {isa = PBXFileReference; explicitFileType = wrapper.application; includeInIndex = 0; path = JSNetworkExample.app; sourceTree = BUILT_PRODUCTS_DIR; };
		7A2684D2244E7700004A7C82 /* AppDelegate.h */ = {isa = PBXFileReference; lastKnownFileType = sourcecode.c.h; path = AppDelegate.h; sourceTree = "<group>"; };
		7A2684D3244E7700004A7C82 /* AppDelegate.m */ = {isa = PBXFileReference; lastKnownFileType = sourcecode.c.objc; path = AppDelegate.m; sourceTree = "<group>"; };
		7A2684D8244E7700004A7C82 /* ViewController.h */ = {isa = PBXFileReference; lastKnownFileType = sourcecode.c.h; path = ViewController.h; sourceTree = "<group>"; };
		7A2684D9244E7700004A7C82 /* ViewController.m */ = {isa = PBXFileReference; lastKnownFileType = sourcecode.c.objc; path = ViewController.m; sourceTree = "<group>"; };
		7A2684DC244E7700004A7C82 /* Base */ = {isa = PBXFileReference; lastKnownFileType = file.storyboard; name = Base; path = Base.lproj/Main.storyboard; sourceTree = "<group>"; };
		7A2684DE244E7701004A7C82 /* Assets.xcassets */ = {isa = PBXFileReference; lastKnownFileType = folder.assetcatalog; path = Assets.xcassets; sourceTree = "<group>"; };
		7A2684E1244E7701004A7C82 /* Base */ = {isa = PBXFileReference; lastKnownFileType = file.storyboard; name = Base; path = Base.lproj/LaunchScreen.storyboard; sourceTree = "<group>"; };
		7A2684E3244E7701004A7C82 /* Info.plist */ = {isa = PBXFileReference; lastKnownFileType = text.plist.xml; path = Info.plist; sourceTree = "<group>"; };
		7A2684E4244E7701004A7C82 /* main.m */ = {isa = PBXFileReference; lastKnownFileType = sourcecode.c.objc; path = main.m; sourceTree = "<group>"; };
		7A2684F1244E824B004A7C82 /* BaseAPI.h */ = {isa = PBXFileReference; fileEncoding = 4; lastKnownFileType = sourcecode.c.h; path = BaseAPI.h; sourceTree = "<group>"; };
		7A2684F2244E824B004A7C82 /* BaseAPI.m */ = {isa = PBXFileReference; fileEncoding = 4; lastKnownFileType = sourcecode.c.objc; path = BaseAPI.m; sourceTree = "<group>"; };
		7A2684F4244E825A004A7C82 /* CNodeAPI.m */ = {isa = PBXFileReference; fileEncoding = 4; lastKnownFileType = sourcecode.c.objc; path = CNodeAPI.m; sourceTree = "<group>"; };
		7A2684F5244E825A004A7C82 /* CNodeAPI.h */ = {isa = PBXFileReference; fileEncoding = 4; lastKnownFileType = sourcecode.c.h; path = CNodeAPI.h; sourceTree = "<group>"; };
		7A2684F7244E8262004A7C82 /* NetworkResponse.m */ = {isa = PBXFileReference; fileEncoding = 4; lastKnownFileType = sourcecode.c.objc; path = NetworkResponse.m; sourceTree = "<group>"; };
		7A2684F8244E8262004A7C82 /* NetworkResponse.h */ = {isa = PBXFileReference; fileEncoding = 4; lastKnownFileType = sourcecode.c.h; path = NetworkResponse.h; sourceTree = "<group>"; };
		7A2684FB244E8263004A7C82 /* NetworkToastPlugin.h */ = {isa = PBXFileReference; fileEncoding = 4; lastKnownFileType = sourcecode.c.h; path = NetworkToastPlugin.h; sourceTree = "<group>"; };
		7A2684FC244E8263004A7C82 /* NetworkToastPlugin.m */ = {isa = PBXFileReference; fileEncoding = 4; lastKnownFileType = sourcecode.c.objc; path = NetworkToastPlugin.m; sourceTree = "<group>"; };
		7A30EA912455B8520066CE8E /* JSNetworkExample.entitlements */ = {isa = PBXFileReference; lastKnownFileType = text.plist.entitlements; path = JSNetworkExample.entitlements; sourceTree = "<group>"; };
		7A36CCE725AA0CF60094224C /* AlamofireRequest1.swift */ = {isa = PBXFileReference; lastKnownFileType = sourcecode.swift; path = AlamofireRequest1.swift; sourceTree = "<group>"; };
		7A98C861246FDD5800123894 /* DownloadAPI.h */ = {isa = PBXFileReference; lastKnownFileType = sourcecode.c.h; path = DownloadAPI.h; sourceTree = "<group>"; };
		7A98C862246FDD5800123894 /* DownloadAPI.m */ = {isa = PBXFileReference; lastKnownFileType = sourcecode.c.objc; path = DownloadAPI.m; sourceTree = "<group>"; };
		7A98C867246FFD1500123894 /* UploadImageAPI.h */ = {isa = PBXFileReference; lastKnownFileType = sourcecode.c.h; path = UploadImageAPI.h; sourceTree = "<group>"; };
		7A98C868246FFD1500123894 /* UploadImageAPI.m */ = {isa = PBXFileReference; lastKnownFileType = sourcecode.c.objc; path = UploadImageAPI.m; sourceTree = "<group>"; };
		7AFE30BC26E8BCF300354384 /* JSNetworkExampleUITests.xctest */ = {isa = PBXFileReference; explicitFileType = wrapper.cfbundle; includeInIndex = 0; path = JSNetworkExampleUITests.xctest; sourceTree = BUILT_PRODUCTS_DIR; };
		7AFE30BE26E8BCF300354384 /* JSNetworkExampleUITests.swift */ = {isa = PBXFileReference; lastKnownFileType = sourcecode.swift; path = JSNetworkExampleUITests.swift; sourceTree = "<group>"; };
		7AFE30C026E8BCF300354384 /* Info.plist */ = {isa = PBXFileReference; lastKnownFileType = text.plist.xml; path = Info.plist; sourceTree = "<group>"; };
		7AFE30CA26E8BD3E00354384 /* JSNetworkExampleTests.xctest */ = {isa = PBXFileReference; explicitFileType = wrapper.cfbundle; includeInIndex = 0; path = JSNetworkExampleTests.xctest; sourceTree = BUILT_PRODUCTS_DIR; };
		7AFE30CC26E8BD3E00354384 /* JSNetworkExampleTests.swift */ = {isa = PBXFileReference; lastKnownFileType = sourcecode.swift; path = JSNetworkExampleTests.swift; sourceTree = "<group>"; };
		7AFE30CE26E8BD3E00354384 /* Info.plist */ = {isa = PBXFileReference; lastKnownFileType = text.plist.xml; path = Info.plist; sourceTree = "<group>"; };
		A09027640755F8E1CE2621AE /* Pods_JSNetworkExampleUITests.framework */ = {isa = PBXFileReference; explicitFileType = wrapper.framework; includeInIndex = 0; path = Pods_JSNetworkExampleUITests.framework; sourceTree = BUILT_PRODUCTS_DIR; };
		BD48473650C390EFD4AEA50C /* Pods-JSNetworkExample.release.xcconfig */ = {isa = PBXFileReference; includeInIndex = 1; lastKnownFileType = text.xcconfig; name = "Pods-JSNetworkExample.release.xcconfig"; path = "Target Support Files/Pods-JSNetworkExample/Pods-JSNetworkExample.release.xcconfig"; sourceTree = "<group>"; };
		EEE85DB23407D3EF34D908FC /* Pods_JSNetworkExampleTests.framework */ = {isa = PBXFileReference; explicitFileType = wrapper.framework; includeInIndex = 0; path = Pods_JSNetworkExampleTests.framework; sourceTree = BUILT_PRODUCTS_DIR; };
		FB33551568B81B4DC762237D /* Pods-JSNetworkExampleTests.release.xcconfig */ = {isa = PBXFileReference; includeInIndex = 1; lastKnownFileType = text.xcconfig; name = "Pods-JSNetworkExampleTests.release.xcconfig"; path = "Target Support Files/Pods-JSNetworkExampleTests/Pods-JSNetworkExampleTests.release.xcconfig"; sourceTree = "<group>"; };
/* End PBXFileReference section */

/* Begin PBXFrameworksBuildPhase section */
		7A2684CC244E7700004A7C82 /* Frameworks */ = {
			isa = PBXFrameworksBuildPhase;
			buildActionMask = 2147483647;
			files = (
				98BE71BF735857902847A1ED /* Pods_JSNetworkExample.framework in Frameworks */,
			);
			runOnlyForDeploymentPostprocessing = 0;
		};
		7AFE30B926E8BCF300354384 /* Frameworks */ = {
			isa = PBXFrameworksBuildPhase;
			buildActionMask = 2147483647;
			files = (
				7A3968CC48DB5C07666C3259 /* Pods_JSNetworkExampleUITests.framework in Frameworks */,
			);
			runOnlyForDeploymentPostprocessing = 0;
		};
		7AFE30C726E8BD3E00354384 /* Frameworks */ = {
			isa = PBXFrameworksBuildPhase;
			buildActionMask = 2147483647;
			files = (
				4785A3F500556FF7A1B3B8B2 /* Pods_JSNetworkExampleTests.framework in Frameworks */,
			);
			runOnlyForDeploymentPostprocessing = 0;
		};
/* End PBXFrameworksBuildPhase section */

/* Begin PBXGroup section */
		52CDB40F32C0752A80904AF9 /* Pods */ = {
			isa = PBXGroup;
			children = (
				415F8A3331005085C610FDAD /* Pods-JSNetworkExample.debug.xcconfig */,
				BD48473650C390EFD4AEA50C /* Pods-JSNetworkExample.release.xcconfig */,
				5ABF2FC68F9361DCCC3CB299 /* Pods-JSNetworkExampleTests.debug.xcconfig */,
				FB33551568B81B4DC762237D /* Pods-JSNetworkExampleTests.release.xcconfig */,
				1E47FA125FBFCDD8D60C424B /* Pods-JSNetworkExampleUITests.debug.xcconfig */,
				2E3820DB0C49A8567FC2B569 /* Pods-JSNetworkExampleUITests.release.xcconfig */,
			);
			path = Pods;
			sourceTree = "<group>";
		};
		53E0ADECE6834B41DB6F3D52 /* Frameworks */ = {
			isa = PBXGroup;
			children = (
				2AEFA68872EF8F3A3339945E /* Pods_JSNetworkExample.framework */,
				EEE85DB23407D3EF34D908FC /* Pods_JSNetworkExampleTests.framework */,
				A09027640755F8E1CE2621AE /* Pods_JSNetworkExampleUITests.framework */,
			);
			name = Frameworks;
			sourceTree = "<group>";
		};
		7A2684C6244E7700004A7C82 = {
			isa = PBXGroup;
			children = (
				7A2684D1244E7700004A7C82 /* JSNetworkExample */,
				7AFE30BD26E8BCF300354384 /* JSNetworkExampleUITests */,
				7AFE30CB26E8BD3E00354384 /* JSNetworkExampleTests */,
				7A2684D0244E7700004A7C82 /* Products */,
				52CDB40F32C0752A80904AF9 /* Pods */,
				53E0ADECE6834B41DB6F3D52 /* Frameworks */,
			);
			sourceTree = "<group>";
		};
		7A2684D0244E7700004A7C82 /* Products */ = {
			isa = PBXGroup;
			children = (
				7A2684CF244E7700004A7C82 /* JSNetworkExample.app */,
				7AFE30BC26E8BCF300354384 /* JSNetworkExampleUITests.xctest */,
				7AFE30CA26E8BD3E00354384 /* JSNetworkExampleTests.xctest */,
			);
			name = Products;
			sourceTree = "<group>";
		};
		7A2684D1244E7700004A7C82 /* JSNetworkExample */ = {
			isa = PBXGroup;
			children = (
				7A30EA912455B8520066CE8E /* JSNetworkExample.entitlements */,
				7A2684D2244E7700004A7C82 /* AppDelegate.h */,
				7A2684D3244E7700004A7C82 /* AppDelegate.m */,
				7A2684D8244E7700004A7C82 /* ViewController.h */,
				7A2684D9244E7700004A7C82 /* ViewController.m */,
				7A36CCE725AA0CF60094224C /* AlamofireRequest1.swift */,
				7A23BEB2258CE06D00A4063B /* File.swift */,
				7A2684ED244E823B004A7C82 /* Services */,
				7A2684DB244E7700004A7C82 /* Main.storyboard */,
				7A2684DE244E7701004A7C82 /* Assets.xcassets */,
				7A2684E0244E7701004A7C82 /* LaunchScreen.storyboard */,
				7A2684E3244E7701004A7C82 /* Info.plist */,
				7A2684E4244E7701004A7C82 /* main.m */,
				7A23BEB1258CE06D00A4063B /* JSNetworkExample-Bridging-Header.h */,
			);
			path = JSNetworkExample;
			sourceTree = "<group>";
		};
		7A2684ED244E823B004A7C82 /* Services */ = {
			isa = PBXGroup;
			children = (
				7A2684F0244E823B004A7C82 /* Config */,
				7A2684EE244E823B004A7C82 /* Base */,
				7A2684EF244E823B004A7C82 /* Business */,
			);
			path = Services;
			sourceTree = "<group>";
		};
		7A2684EE244E823B004A7C82 /* Base */ = {
			isa = PBXGroup;
			children = (
				7A2684F1244E824B004A7C82 /* BaseAPI.h */,
				7A2684F2244E824B004A7C82 /* BaseAPI.m */,
			);
			path = Base;
			sourceTree = "<group>";
		};
		7A2684EF244E823B004A7C82 /* Business */ = {
			isa = PBXGroup;
			children = (
				7A2684F5244E825A004A7C82 /* CNodeAPI.h */,
				7A2684F4244E825A004A7C82 /* CNodeAPI.m */,
				7A98C867246FFD1500123894 /* UploadImageAPI.h */,
				7A98C868246FFD1500123894 /* UploadImageAPI.m */,
				7A98C861246FDD5800123894 /* DownloadAPI.h */,
				7A98C862246FDD5800123894 /* DownloadAPI.m */,
			);
			path = Business;
			sourceTree = "<group>";
		};
		7A2684F0244E823B004A7C82 /* Config */ = {
			isa = PBXGroup;
			children = (
				7A2684F8244E8262004A7C82 /* NetworkResponse.h */,
				7A2684F7244E8262004A7C82 /* NetworkResponse.m */,
				7A2684FB244E8263004A7C82 /* NetworkToastPlugin.h */,
				7A2684FC244E8263004A7C82 /* NetworkToastPlugin.m */,
			);
			path = Config;
			sourceTree = "<group>";
		};
		7AFE30BD26E8BCF300354384 /* JSNetworkExampleUITests */ = {
			isa = PBXGroup;
			children = (
				7AFE30BE26E8BCF300354384 /* JSNetworkExampleUITests.swift */,
				7AFE30C026E8BCF300354384 /* Info.plist */,
			);
			path = JSNetworkExampleUITests;
			sourceTree = "<group>";
		};
		7AFE30CB26E8BD3E00354384 /* JSNetworkExampleTests */ = {
			isa = PBXGroup;
			children = (
				7AFE30CC26E8BD3E00354384 /* JSNetworkExampleTests.swift */,
				7AFE30CE26E8BD3E00354384 /* Info.plist */,
			);
			path = JSNetworkExampleTests;
			sourceTree = "<group>";
		};
/* End PBXGroup section */

/* Begin PBXNativeTarget section */
		7A2684CE244E7700004A7C82 /* JSNetworkExample */ = {
			isa = PBXNativeTarget;
			buildConfigurationList = 7A2684E8244E7701004A7C82 /* Build configuration list for PBXNativeTarget "JSNetworkExample" */;
			buildPhases = (
				4B8AE3192DA96DC96E30F9D6 /* [CP] Check Pods Manifest.lock */,
				7A2684CB244E7700004A7C82 /* Sources */,
				7A2684CC244E7700004A7C82 /* Frameworks */,
				7A2684CD244E7700004A7C82 /* Resources */,
				6B1EF49B26CC3E9B507CE15C /* [CP] Copy Pods Resources */,
			);
			buildRules = (
			);
			dependencies = (
			);
			name = JSNetworkExample;
			productName = JSNetworkExample;
			productReference = 7A2684CF244E7700004A7C82 /* JSNetworkExample.app */;
			productType = "com.apple.product-type.application";
		};
		7AFE30BB26E8BCF300354384 /* JSNetworkExampleUITests */ = {
			isa = PBXNativeTarget;
			buildConfigurationList = 7AFE30C526E8BCF300354384 /* Build configuration list for PBXNativeTarget "JSNetworkExampleUITests" */;
			buildPhases = (
				483903631CB196CCB0373E72 /* [CP] Check Pods Manifest.lock */,
				7AFE30B826E8BCF300354384 /* Sources */,
				7AFE30B926E8BCF300354384 /* Frameworks */,
				7AFE30BA26E8BCF300354384 /* Resources */,
			);
			buildRules = (
			);
			dependencies = (
				7AFE30C226E8BCF300354384 /* PBXTargetDependency */,
			);
			name = JSNetworkExampleUITests;
			productName = JSNetworkExampleUITests;
			productReference = 7AFE30BC26E8BCF300354384 /* JSNetworkExampleUITests.xctest */;
			productType = "com.apple.product-type.bundle.ui-testing";
		};
		7AFE30C926E8BD3E00354384 /* JSNetworkExampleTests */ = {
			isa = PBXNativeTarget;
			buildConfigurationList = 7AFE30D126E8BD3E00354384 /* Build configuration list for PBXNativeTarget "JSNetworkExampleTests" */;
			buildPhases = (
				EF983D9AF78DFF1609A67396 /* [CP] Check Pods Manifest.lock */,
				7AFE30C626E8BD3E00354384 /* Sources */,
				7AFE30C726E8BD3E00354384 /* Frameworks */,
				7AFE30C826E8BD3E00354384 /* Resources */,
			);
			buildRules = (
			);
			dependencies = (
				7AFE30D026E8BD3E00354384 /* PBXTargetDependency */,
			);
			name = JSNetworkExampleTests;
			productName = JSNetworkExampleTests;
			productReference = 7AFE30CA26E8BD3E00354384 /* JSNetworkExampleTests.xctest */;
			productType = "com.apple.product-type.bundle.unit-test";
		};
/* End PBXNativeTarget section */

/* Begin PBXProject section */
		7A2684C7244E7700004A7C82 /* Project object */ = {
			isa = PBXProject;
			attributes = {
				LastSwiftUpdateCheck = 1250;
				LastUpgradeCheck = 1140;
				ORGANIZATIONNAME = jiasong;
				TargetAttributes = {
					7A2684CE244E7700004A7C82 = {
						CreatedOnToolsVersion = 11.4.1;
						LastSwiftMigration = 1220;
					};
					7AFE30BB26E8BCF300354384 = {
						CreatedOnToolsVersion = 12.5.1;
						TestTargetID = 7A2684CE244E7700004A7C82;
					};
					7AFE30C926E8BD3E00354384 = {
						CreatedOnToolsVersion = 12.5.1;
						TestTargetID = 7A2684CE244E7700004A7C82;
					};
				};
			};
			buildConfigurationList = 7A2684CA244E7700004A7C82 /* Build configuration list for PBXProject "JSNetworkExample" */;
			compatibilityVersion = "Xcode 9.3";
			developmentRegion = en;
			hasScannedForEncodings = 0;
			knownRegions = (
				en,
				Base,
			);
			mainGroup = 7A2684C6244E7700004A7C82;
			productRefGroup = 7A2684D0244E7700004A7C82 /* Products */;
			projectDirPath = "";
			projectRoot = "";
			targets = (
				7A2684CE244E7700004A7C82 /* JSNetworkExample */,
				7AFE30BB26E8BCF300354384 /* JSNetworkExampleUITests */,
				7AFE30C926E8BD3E00354384 /* JSNetworkExampleTests */,
			);
		};
/* End PBXProject section */

/* Begin PBXResourcesBuildPhase section */
		7A2684CD244E7700004A7C82 /* Resources */ = {
			isa = PBXResourcesBuildPhase;
			buildActionMask = 2147483647;
			files = (
				7A2684E2244E7701004A7C82 /* LaunchScreen.storyboard in Resources */,
				7A2684DF244E7701004A7C82 /* Assets.xcassets in Resources */,
				7A2684DD244E7700004A7C82 /* Main.storyboard in Resources */,
			);
			runOnlyForDeploymentPostprocessing = 0;
		};
		7AFE30BA26E8BCF300354384 /* Resources */ = {
			isa = PBXResourcesBuildPhase;
			buildActionMask = 2147483647;
			files = (
			);
			runOnlyForDeploymentPostprocessing = 0;
		};
		7AFE30C826E8BD3E00354384 /* Resources */ = {
			isa = PBXResourcesBuildPhase;
			buildActionMask = 2147483647;
			files = (
			);
			runOnlyForDeploymentPostprocessing = 0;
		};
/* End PBXResourcesBuildPhase section */

/* Begin PBXShellScriptBuildPhase section */
		483903631CB196CCB0373E72 /* [CP] Check Pods Manifest.lock */ = {
			isa = PBXShellScriptBuildPhase;
			buildActionMask = 2147483647;
			files = (
			);
			inputFileListPaths = (
			);
			inputPaths = (
				"${PODS_PODFILE_DIR_PATH}/Podfile.lock",
				"${PODS_ROOT}/Manifest.lock",
			);
			name = "[CP] Check Pods Manifest.lock";
			outputFileListPaths = (
			);
			outputPaths = (
				"$(DERIVED_FILE_DIR)/Pods-JSNetworkExampleUITests-checkManifestLockResult.txt",
			);
			runOnlyForDeploymentPostprocessing = 0;
			shellPath = /bin/sh;
			shellScript = "diff \"${PODS_PODFILE_DIR_PATH}/Podfile.lock\" \"${PODS_ROOT}/Manifest.lock\" > /dev/null\nif [ $? != 0 ] ; then\n    # print error to STDERR\n    echo \"error: The sandbox is not in sync with the Podfile.lock. Run 'pod install' or update your CocoaPods installation.\" >&2\n    exit 1\nfi\n# This output is used by Xcode 'outputs' to avoid re-running this script phase.\necho \"SUCCESS\" > \"${SCRIPT_OUTPUT_FILE_0}\"\n";
			showEnvVarsInLog = 0;
		};
		4B8AE3192DA96DC96E30F9D6 /* [CP] Check Pods Manifest.lock */ = {
			isa = PBXShellScriptBuildPhase;
			buildActionMask = 2147483647;
			files = (
			);
			inputFileListPaths = (
			);
			inputPaths = (
				"${PODS_PODFILE_DIR_PATH}/Podfile.lock",
				"${PODS_ROOT}/Manifest.lock",
			);
			name = "[CP] Check Pods Manifest.lock";
			outputFileListPaths = (
			);
			outputPaths = (
				"$(DERIVED_FILE_DIR)/Pods-JSNetworkExample-checkManifestLockResult.txt",
			);
			runOnlyForDeploymentPostprocessing = 0;
			shellPath = /bin/sh;
			shellScript = "diff \"${PODS_PODFILE_DIR_PATH}/Podfile.lock\" \"${PODS_ROOT}/Manifest.lock\" > /dev/null\nif [ $? != 0 ] ; then\n    # print error to STDERR\n    echo \"error: The sandbox is not in sync with the Podfile.lock. Run 'pod install' or update your CocoaPods installation.\" >&2\n    exit 1\nfi\n# This output is used by Xcode 'outputs' to avoid re-running this script phase.\necho \"SUCCESS\" > \"${SCRIPT_OUTPUT_FILE_0}\"\n";
			showEnvVarsInLog = 0;
		};
		6B1EF49B26CC3E9B507CE15C /* [CP] Copy Pods Resources */ = {
			isa = PBXShellScriptBuildPhase;
			buildActionMask = 2147483647;
			files = (
			);
			inputFileListPaths = (
				"${PODS_ROOT}/Target Support Files/Pods-JSNetworkExample/Pods-JSNetworkExample-resources-${CONFIGURATION}-input-files.xcfilelist",
			);
			name = "[CP] Copy Pods Resources";
			outputFileListPaths = (
				"${PODS_ROOT}/Target Support Files/Pods-JSNetworkExample/Pods-JSNetworkExample-resources-${CONFIGURATION}-output-files.xcfilelist",
			);
			runOnlyForDeploymentPostprocessing = 0;
			shellPath = /bin/sh;
			shellScript = "\"${PODS_ROOT}/Target Support Files/Pods-JSNetworkExample/Pods-JSNetworkExample-resources.sh\"\n";
			showEnvVarsInLog = 0;
		};
		EF983D9AF78DFF1609A67396 /* [CP] Check Pods Manifest.lock */ = {
			isa = PBXShellScriptBuildPhase;
			buildActionMask = 2147483647;
			files = (
			);
			inputFileListPaths = (
			);
			inputPaths = (
				"${PODS_PODFILE_DIR_PATH}/Podfile.lock",
				"${PODS_ROOT}/Manifest.lock",
			);
			name = "[CP] Check Pods Manifest.lock";
			outputFileListPaths = (
			);
			outputPaths = (
				"$(DERIVED_FILE_DIR)/Pods-JSNetworkExampleTests-checkManifestLockResult.txt",
			);
			runOnlyForDeploymentPostprocessing = 0;
			shellPath = /bin/sh;
			shellScript = "diff \"${PODS_PODFILE_DIR_PATH}/Podfile.lock\" \"${PODS_ROOT}/Manifest.lock\" > /dev/null\nif [ $? != 0 ] ; then\n    # print error to STDERR\n    echo \"error: The sandbox is not in sync with the Podfile.lock. Run 'pod install' or update your CocoaPods installation.\" >&2\n    exit 1\nfi\n# This output is used by Xcode 'outputs' to avoid re-running this script phase.\necho \"SUCCESS\" > \"${SCRIPT_OUTPUT_FILE_0}\"\n";
			showEnvVarsInLog = 0;
		};
/* End PBXShellScriptBuildPhase section */

/* Begin PBXSourcesBuildPhase section */
		7A2684CB244E7700004A7C82 /* Sources */ = {
			isa = PBXSourcesBuildPhase;
			buildActionMask = 2147483647;
			files = (
				7A98C869246FFD1500123894 /* UploadImageAPI.m in Sources */,
				7A23BEB3258CE06D00A4063B /* File.swift in Sources */,
				7A36CCE825AA0CF60094224C /* AlamofireRequest1.swift in Sources */,
				7A2684DA244E7700004A7C82 /* ViewController.m in Sources */,
				7A2684F3244E824B004A7C82 /* BaseAPI.m in Sources */,
				7A98C863246FDD5800123894 /* DownloadAPI.m in Sources */,
				7A2684FF244E8263004A7C82 /* NetworkToastPlugin.m in Sources */,
				7A2684D4244E7700004A7C82 /* AppDelegate.m in Sources */,
				7A2684E5244E7701004A7C82 /* main.m in Sources */,
				7A2684F6244E825A004A7C82 /* CNodeAPI.m in Sources */,
				7A2684FD244E8263004A7C82 /* NetworkResponse.m in Sources */,
			);
			runOnlyForDeploymentPostprocessing = 0;
		};
		7AFE30B826E8BCF300354384 /* Sources */ = {
			isa = PBXSourcesBuildPhase;
			buildActionMask = 2147483647;
			files = (
				7AFE30BF26E8BCF300354384 /* JSNetworkExampleUITests.swift in Sources */,
			);
			runOnlyForDeploymentPostprocessing = 0;
		};
		7AFE30C626E8BD3E00354384 /* Sources */ = {
			isa = PBXSourcesBuildPhase;
			buildActionMask = 2147483647;
			files = (
				7AFE30CD26E8BD3E00354384 /* JSNetworkExampleTests.swift in Sources */,
			);
			runOnlyForDeploymentPostprocessing = 0;
		};
/* End PBXSourcesBuildPhase section */

/* Begin PBXTargetDependency section */
		7AFE30C226E8BCF300354384 /* PBXTargetDependency */ = {
			isa = PBXTargetDependency;
			target = 7A2684CE244E7700004A7C82 /* JSNetworkExample */;
			targetProxy = 7AFE30C126E8BCF300354384 /* PBXContainerItemProxy */;
		};
		7AFE30D026E8BD3E00354384 /* PBXTargetDependency */ = {
			isa = PBXTargetDependency;
			target = 7A2684CE244E7700004A7C82 /* JSNetworkExample */;
			targetProxy = 7AFE30CF26E8BD3E00354384 /* PBXContainerItemProxy */;
		};
/* End PBXTargetDependency section */

/* Begin PBXVariantGroup section */
		7A2684DB244E7700004A7C82 /* Main.storyboard */ = {
			isa = PBXVariantGroup;
			children = (
				7A2684DC244E7700004A7C82 /* Base */,
			);
			name = Main.storyboard;
			sourceTree = "<group>";
		};
		7A2684E0244E7701004A7C82 /* LaunchScreen.storyboard */ = {
			isa = PBXVariantGroup;
			children = (
				7A2684E1244E7701004A7C82 /* Base */,
			);
			name = LaunchScreen.storyboard;
			sourceTree = "<group>";
		};
/* End PBXVariantGroup section */

/* Begin XCBuildConfiguration section */
		7A2684E6244E7701004A7C82 /* Debug */ = {
			isa = XCBuildConfiguration;
			buildSettings = {
				ALWAYS_SEARCH_USER_PATHS = NO;
				CLANG_ANALYZER_NONNULL = YES;
				CLANG_ANALYZER_NUMBER_OBJECT_CONVERSION = YES_AGGRESSIVE;
				CLANG_CXX_LANGUAGE_STANDARD = "gnu++14";
				CLANG_CXX_LIBRARY = "libc++";
				CLANG_ENABLE_MODULES = YES;
				CLANG_ENABLE_OBJC_ARC = YES;
				CLANG_ENABLE_OBJC_WEAK = YES;
				CLANG_WARN_BLOCK_CAPTURE_AUTORELEASING = YES;
				CLANG_WARN_BOOL_CONVERSION = YES;
				CLANG_WARN_COMMA = YES;
				CLANG_WARN_CONSTANT_CONVERSION = YES;
				CLANG_WARN_DEPRECATED_OBJC_IMPLEMENTATIONS = YES;
				CLANG_WARN_DIRECT_OBJC_ISA_USAGE = YES_ERROR;
				CLANG_WARN_DOCUMENTATION_COMMENTS = YES;
				CLANG_WARN_EMPTY_BODY = YES;
				CLANG_WARN_ENUM_CONVERSION = YES;
				CLANG_WARN_INFINITE_RECURSION = YES;
				CLANG_WARN_INT_CONVERSION = YES;
				CLANG_WARN_NON_LITERAL_NULL_CONVERSION = YES;
				CLANG_WARN_OBJC_IMPLICIT_RETAIN_SELF = YES;
				CLANG_WARN_OBJC_LITERAL_CONVERSION = YES;
				CLANG_WARN_OBJC_ROOT_CLASS = YES_ERROR;
				CLANG_WARN_RANGE_LOOP_ANALYSIS = YES;
				CLANG_WARN_STRICT_PROTOTYPES = YES;
				CLANG_WARN_SUSPICIOUS_MOVE = YES;
				CLANG_WARN_UNGUARDED_AVAILABILITY = YES_AGGRESSIVE;
				CLANG_WARN_UNREACHABLE_CODE = YES;
				CLANG_WARN__DUPLICATE_METHOD_MATCH = YES;
				COPY_PHASE_STRIP = NO;
				DEBUG_INFORMATION_FORMAT = dwarf;
				ENABLE_STRICT_OBJC_MSGSEND = YES;
				ENABLE_TESTABILITY = YES;
				GCC_C_LANGUAGE_STANDARD = gnu11;
				GCC_DYNAMIC_NO_PIC = NO;
				GCC_NO_COMMON_BLOCKS = YES;
				GCC_OPTIMIZATION_LEVEL = 0;
				GCC_PREPROCESSOR_DEFINITIONS = (
					"DEBUG=1",
					"$(inherited)",
				);
				GCC_WARN_64_TO_32_BIT_CONVERSION = YES;
				GCC_WARN_ABOUT_RETURN_TYPE = YES_ERROR;
				GCC_WARN_UNDECLARED_SELECTOR = YES;
				GCC_WARN_UNINITIALIZED_AUTOS = YES_AGGRESSIVE;
				GCC_WARN_UNUSED_FUNCTION = YES;
				GCC_WARN_UNUSED_VARIABLE = YES;
				IPHONEOS_DEPLOYMENT_TARGET = 10.0;
				MTL_ENABLE_DEBUG_INFO = INCLUDE_SOURCE;
				MTL_FAST_MATH = YES;
				ONLY_ACTIVE_ARCH = YES;
				SDKROOT = iphoneos;
			};
			name = Debug;
		};
		7A2684E7244E7701004A7C82 /* Release */ = {
			isa = XCBuildConfiguration;
			buildSettings = {
				ALWAYS_SEARCH_USER_PATHS = NO;
				CLANG_ANALYZER_NONNULL = YES;
				CLANG_ANALYZER_NUMBER_OBJECT_CONVERSION = YES_AGGRESSIVE;
				CLANG_CXX_LANGUAGE_STANDARD = "gnu++14";
				CLANG_CXX_LIBRARY = "libc++";
				CLANG_ENABLE_MODULES = YES;
				CLANG_ENABLE_OBJC_ARC = YES;
				CLANG_ENABLE_OBJC_WEAK = YES;
				CLANG_WARN_BLOCK_CAPTURE_AUTORELEASING = YES;
				CLANG_WARN_BOOL_CONVERSION = YES;
				CLANG_WARN_COMMA = YES;
				CLANG_WARN_CONSTANT_CONVERSION = YES;
				CLANG_WARN_DEPRECATED_OBJC_IMPLEMENTATIONS = YES;
				CLANG_WARN_DIRECT_OBJC_ISA_USAGE = YES_ERROR;
				CLANG_WARN_DOCUMENTATION_COMMENTS = YES;
				CLANG_WARN_EMPTY_BODY = YES;
				CLANG_WARN_ENUM_CONVERSION = YES;
				CLANG_WARN_INFINITE_RECURSION = YES;
				CLANG_WARN_INT_CONVERSION = YES;
				CLANG_WARN_NON_LITERAL_NULL_CONVERSION = YES;
				CLANG_WARN_OBJC_IMPLICIT_RETAIN_SELF = YES;
				CLANG_WARN_OBJC_LITERAL_CONVERSION = YES;
				CLANG_WARN_OBJC_ROOT_CLASS = YES_ERROR;
				CLANG_WARN_RANGE_LOOP_ANALYSIS = YES;
				CLANG_WARN_STRICT_PROTOTYPES = YES;
				CLANG_WARN_SUSPICIOUS_MOVE = YES;
				CLANG_WARN_UNGUARDED_AVAILABILITY = YES_AGGRESSIVE;
				CLANG_WARN_UNREACHABLE_CODE = YES;
				CLANG_WARN__DUPLICATE_METHOD_MATCH = YES;
				COPY_PHASE_STRIP = NO;
				DEBUG_INFORMATION_FORMAT = "dwarf-with-dsym";
				ENABLE_NS_ASSERTIONS = NO;
				ENABLE_STRICT_OBJC_MSGSEND = YES;
				GCC_C_LANGUAGE_STANDARD = gnu11;
				GCC_NO_COMMON_BLOCKS = YES;
				GCC_WARN_64_TO_32_BIT_CONVERSION = YES;
				GCC_WARN_ABOUT_RETURN_TYPE = YES_ERROR;
				GCC_WARN_UNDECLARED_SELECTOR = YES;
				GCC_WARN_UNINITIALIZED_AUTOS = YES_AGGRESSIVE;
				GCC_WARN_UNUSED_FUNCTION = YES;
				GCC_WARN_UNUSED_VARIABLE = YES;
				IPHONEOS_DEPLOYMENT_TARGET = 10.0;
				MTL_ENABLE_DEBUG_INFO = NO;
				MTL_FAST_MATH = YES;
				SDKROOT = iphoneos;
				VALIDATE_PRODUCT = YES;
			};
			name = Release;
		};
		7A2684E9244E7701004A7C82 /* Debug */ = {
			isa = XCBuildConfiguration;
			baseConfigurationReference = 415F8A3331005085C610FDAD /* Pods-JSNetworkExample.debug.xcconfig */;
			buildSettings = {
				ASSETCATALOG_COMPILER_APPICON_NAME = AppIcon;
				CLANG_ENABLE_MODULES = YES;
				CODE_SIGN_ENTITLEMENTS = JSNetworkExample/JSNetworkExample.entitlements;
				CODE_SIGN_STYLE = Automatic;
				DEVELOPMENT_TEAM = KJ6AEY5JEH;
				INFOPLIST_FILE = JSNetworkExample/Info.plist;
				IPHONEOS_DEPLOYMENT_TARGET = 10.0;
				LD_RUNPATH_SEARCH_PATHS = (
					"$(inherited)",
					"@executable_path/Frameworks",
				);
				PRODUCT_BUNDLE_IDENTIFIER = com.jsnetwork.example;
				PRODUCT_NAME = "$(TARGET_NAME)";
				SUPPORTS_MACCATALYST = YES;
				SWIFT_OBJC_BRIDGING_HEADER = "JSNetworkExample/JSNetworkExample-Bridging-Header.h";
				SWIFT_OPTIMIZATION_LEVEL = "-Onone";
				SWIFT_VERSION = 5.0;
				TARGETED_DEVICE_FAMILY = "1,2";
			};
			name = Debug;
		};
		7A2684EA244E7701004A7C82 /* Release */ = {
			isa = XCBuildConfiguration;
			baseConfigurationReference = BD48473650C390EFD4AEA50C /* Pods-JSNetworkExample.release.xcconfig */;
			buildSettings = {
				ASSETCATALOG_COMPILER_APPICON_NAME = AppIcon;
				CLANG_ENABLE_MODULES = YES;
				CODE_SIGN_ENTITLEMENTS = JSNetworkExample/JSNetworkExample.entitlements;
				CODE_SIGN_STYLE = Automatic;
				DEVELOPMENT_TEAM = KJ6AEY5JEH;
				INFOPLIST_FILE = JSNetworkExample/Info.plist;
				IPHONEOS_DEPLOYMENT_TARGET = 10.0;
				LD_RUNPATH_SEARCH_PATHS = (
					"$(inherited)",
					"@executable_path/Frameworks",
				);
				PRODUCT_BUNDLE_IDENTIFIER = com.jsnetwork.example;
				PRODUCT_NAME = "$(TARGET_NAME)";
				SUPPORTS_MACCATALYST = YES;
				SWIFT_OBJC_BRIDGING_HEADER = "JSNetworkExample/JSNetworkExample-Bridging-Header.h";
				SWIFT_VERSION = 5.0;
				TARGETED_DEVICE_FAMILY = "1,2";
			};
			name = Release;
		};
		7AFE30C326E8BCF300354384 /* Debug */ = {
			isa = XCBuildConfiguration;
			baseConfigurationReference = 1E47FA125FBFCDD8D60C424B /* Pods-JSNetworkExampleUITests.debug.xcconfig */;
			buildSettings = {
				CLANG_WARN_QUOTED_INCLUDE_IN_FRAMEWORK_HEADER = "$(inherited)";
				CODE_SIGN_STYLE = Automatic;
				DEVELOPMENT_TEAM = KJ6AEY5JEH;
				INFOPLIST_FILE = JSNetworkExampleUITests/Info.plist;
				IPHONEOS_DEPLOYMENT_TARGET = 10.0;
				LD_RUNPATH_SEARCH_PATHS = (
					"$(inherited)",
					"@executable_path/Frameworks",
					"@loader_path/Frameworks",
				);
				PRODUCT_BUNDLE_IDENTIFIER = "-11.JSNetworkExampleUITests";
				PRODUCT_NAME = "$(TARGET_NAME)";
				SWIFT_ACTIVE_COMPILATION_CONDITIONS = DEBUG;
				SWIFT_OPTIMIZATION_LEVEL = "-Onone";
				SWIFT_VERSION = 5.0;
				TARGETED_DEVICE_FAMILY = "1,2";
				TEST_TARGET_NAME = JSNetworkExample;
			};
			name = Debug;
		};
		7AFE30C426E8BCF300354384 /* Release */ = {
			isa = XCBuildConfiguration;
			baseConfigurationReference = 2E3820DB0C49A8567FC2B569 /* Pods-JSNetworkExampleUITests.release.xcconfig */;
			buildSettings = {
				CLANG_WARN_QUOTED_INCLUDE_IN_FRAMEWORK_HEADER = "$(inherited)";
				CODE_SIGN_STYLE = Automatic;
				DEVELOPMENT_TEAM = KJ6AEY5JEH;
				INFOPLIST_FILE = JSNetworkExampleUITests/Info.plist;
				IPHONEOS_DEPLOYMENT_TARGET = 10.0;
				LD_RUNPATH_SEARCH_PATHS = (
					"$(inherited)",
					"@executable_path/Frameworks",
					"@loader_path/Frameworks",
				);
				PRODUCT_BUNDLE_IDENTIFIER = "-11.JSNetworkExampleUITests";
				PRODUCT_NAME = "$(TARGET_NAME)";
				SWIFT_COMPILATION_MODE = wholemodule;
				SWIFT_OPTIMIZATION_LEVEL = "-O";
				SWIFT_VERSION = 5.0;
				TARGETED_DEVICE_FAMILY = "1,2";
				TEST_TARGET_NAME = JSNetworkExample;
			};
			name = Release;
		};
		7AFE30D226E8BD3E00354384 /* Debug */ = {
			isa = XCBuildConfiguration;
			baseConfigurationReference = 5ABF2FC68F9361DCCC3CB299 /* Pods-JSNetworkExampleTests.debug.xcconfig */;
			buildSettings = {
				BUNDLE_LOADER = "$(TEST_HOST)";
				CLANG_WARN_QUOTED_INCLUDE_IN_FRAMEWORK_HEADER = "$(inherited)";
				CODE_SIGN_STYLE = Automatic;
				DEVELOPMENT_TEAM = KJ6AEY5JEH;
				INFOPLIST_FILE = JSNetworkExampleTests/Info.plist;
				IPHONEOS_DEPLOYMENT_TARGET = 10.0;
				LD_RUNPATH_SEARCH_PATHS = (
					"$(inherited)",
					"@executable_path/Frameworks",
					"@loader_path/Frameworks",
				);
				PRODUCT_BUNDLE_IDENTIFIER = "-11.JSNetworkExampleTests";
				PRODUCT_NAME = "$(TARGET_NAME)";
				SWIFT_ACTIVE_COMPILATION_CONDITIONS = DEBUG;
				SWIFT_OPTIMIZATION_LEVEL = "-Onone";
				SWIFT_VERSION = 5.0;
				TARGETED_DEVICE_FAMILY = "1,2";
				TEST_HOST = "$(BUILT_PRODUCTS_DIR)/JSNetworkExample.app/JSNetworkExample";
			};
			name = Debug;
		};
		7AFE30D326E8BD3E00354384 /* Release */ = {
			isa = XCBuildConfiguration;
			baseConfigurationReference = FB33551568B81B4DC762237D /* Pods-JSNetworkExampleTests.release.xcconfig */;
			buildSettings = {
				BUNDLE_LOADER = "$(TEST_HOST)";
				CLANG_WARN_QUOTED_INCLUDE_IN_FRAMEWORK_HEADER = "$(inherited)";
				CODE_SIGN_STYLE = Automatic;
				DEVELOPMENT_TEAM = KJ6AEY5JEH;
				INFOPLIST_FILE = JSNetworkExampleTests/Info.plist;
				IPHONEOS_DEPLOYMENT_TARGET = 10.0;
				LD_RUNPATH_SEARCH_PATHS = (
					"$(inherited)",
					"@executable_path/Frameworks",
					"@loader_path/Frameworks",
				);
				PRODUCT_BUNDLE_IDENTIFIER = "-11.JSNetworkExampleTests";
				PRODUCT_NAME = "$(TARGET_NAME)";
				SWIFT_COMPILATION_MODE = wholemodule;
				SWIFT_OPTIMIZATION_LEVEL = "-O";
				SWIFT_VERSION = 5.0;
				TARGETED_DEVICE_FAMILY = "1,2";
				TEST_HOST = "$(BUILT_PRODUCTS_DIR)/JSNetworkExample.app/JSNetworkExample";
			};
			name = Release;
		};
/* End XCBuildConfiguration section */

/* Begin XCConfigurationList section */
		7A2684CA244E7700004A7C82 /* Build configuration list for PBXProject "JSNetworkExample" */ = {
			isa = XCConfigurationList;
			buildConfigurations = (
				7A2684E6244E7701004A7C82 /* Debug */,
				7A2684E7244E7701004A7C82 /* Release */,
			);
			defaultConfigurationIsVisible = 0;
			defaultConfigurationName = Release;
		};
		7A2684E8244E7701004A7C82 /* Build configuration list for PBXNativeTarget "JSNetworkExample" */ = {
			isa = XCConfigurationList;
			buildConfigurations = (
				7A2684E9244E7701004A7C82 /* Debug */,
				7A2684EA244E7701004A7C82 /* Release */,
			);
			defaultConfigurationIsVisible = 0;
			defaultConfigurationName = Release;
		};
		7AFE30C526E8BCF300354384 /* Build configuration list for PBXNativeTarget "JSNetworkExampleUITests" */ = {
			isa = XCConfigurationList;
			buildConfigurations = (
				7AFE30C326E8BCF300354384 /* Debug */,
				7AFE30C426E8BCF300354384 /* Release */,
			);
			defaultConfigurationIsVisible = 0;
			defaultConfigurationName = Release;
		};
		7AFE30D126E8BD3E00354384 /* Build configuration list for PBXNativeTarget "JSNetworkExampleTests" */ = {
			isa = XCConfigurationList;
			buildConfigurations = (
				7AFE30D226E8BD3E00354384 /* Debug */,
				7AFE30D326E8BD3E00354384 /* Release */,
			);
			defaultConfigurationIsVisible = 0;
			defaultConfigurationName = Release;
		};
/* End XCConfigurationList section */
	};
	rootObject = 7A2684C7244E7700004A7C82 /* Project object */;
}
