// !$*UTF8*$!
{
	archiveVersion = 1;
	classes = {
	};
	objectVersion = 51;
	objects = {

/* Begin PBXBuildFile section */
		4313601C1FE9F5A01CEB76DE /* libPods-JSNetworkExample.a in Frameworks */ = {isa = PBXBuildFile; fileRef = 4D96877093A893C78B41773D /* libPods-JSNetworkExample.a */; };
		7A2684D4244E7700004A7C82 /* AppDelegate.m in Sources */ = {isa = PBXBuildFile; fileRef = 7A2684D3244E7700004A7C82 /* AppDelegate.m */; };
		7A2684DA244E7700004A7C82 /* ViewController.m in Sources */ = {isa = PBXBuildFile; fileRef = 7A2684D9244E7700004A7C82 /* ViewController.m */; };
		7A2684DD244E7700004A7C82 /* Main.storyboard in Resources */ = {isa = PBXBuildFile; fileRef = 7A2684DB244E7700004A7C82 /* Main.storyboard */; };
		7A2684DF244E7701004A7C82 /* Assets.xcassets in Resources */ = {isa = PBXBuildFile; fileRef = 7A2684DE244E7701004A7C82 /* Assets.xcassets */; };
		7A2684E2244E7701004A7C82 /* LaunchScreen.storyboard in Resources */ = {isa = PBXBuildFile; fileRef = 7A2684E0244E7701004A7C82 /* LaunchScreen.storyboard */; };
		7A2684E5244E7701004A7C82 /* main.m in Sources */ = {isa = PBXBuildFile; fileRef = 7A2684E4244E7701004A7C82 /* main.m */; };
		7A2684F3244E824B004A7C82 /* BaseAPI.m in Sources */ = {isa = PBXBuildFile; fileRef = 7A2684F2244E824B004A7C82 /* BaseAPI.m */; };
		7A2684F6244E825A004A7C82 /* CNodeAPI.m in Sources */ = {isa = PBXBuildFile; fileRef = 7A2684F4244E825A004A7C82 /* CNodeAPI.m */; };
		7A2684FD244E8263004A7C82 /* NetworkResponse.m in Sources */ = {isa = PBXBuildFile; fileRef = 7A2684F7244E8262004A7C82 /* NetworkResponse.m */; };
		7A2684FE244E8263004A7C82 /* NetworkLoggerPlugin.m in Sources */ = {isa = PBXBuildFile; fileRef = 7A2684FA244E8263004A7C82 /* NetworkLoggerPlugin.m */; };
		7A2684FF244E8263004A7C82 /* NetworkToastPlugin.m in Sources */ = {isa = PBXBuildFile; fileRef = 7A2684FC244E8263004A7C82 /* NetworkToastPlugin.m */; };
		7A268509244EB459004A7C82 /* NetworkRequest.m in Sources */ = {isa = PBXBuildFile; fileRef = 7A268508244EB459004A7C82 /* NetworkRequest.m */; };
/* End PBXBuildFile section */

/* Begin PBXFileReference section */
		415F8A3331005085C610FDAD /* Pods-JSNetworkExample.debug.xcconfig */ = {isa = PBXFileReference; includeInIndex = 1; lastKnownFileType = text.xcconfig; name = "Pods-JSNetworkExample.debug.xcconfig"; path = "Target Support Files/Pods-JSNetworkExample/Pods-JSNetworkExample.debug.xcconfig"; sourceTree = "<group>"; };
		4D96877093A893C78B41773D /* libPods-JSNetworkExample.a */ = {isa = PBXFileReference; explicitFileType = archive.ar; includeInIndex = 0; path = "libPods-JSNetworkExample.a"; sourceTree = BUILT_PRODUCTS_DIR; };
		7A2684CF244E7700004A7C82 /* JSNetworkExample.app */ = {isa = PBXFileReference; explicitFileType = wrapper.application; includeInIndex = 0; path = JSNetworkExample.app; sourceTree = BUILT_PRODUCTS_DIR; };
		7A2684D2244E7700004A7C82 /* AppDelegate.h */ = {isa = PBXFileReference; lastKnownFileType = sourcecode.c.h; path = AppDelegate.h; sourceTree = "<group>"; };
		7A2684D3244E7700004A7C82 /* AppDelegate.m */ = {isa = PBXFileReference; lastKnownFileType = sourcecode.c.objc; path = AppDelegate.m; sourceTree = "<group>"; };
		7A2684D8244E7700004A7C82 /* ViewController.h */ = {isa = PBXFileReference; lastKnownFileType = sourcecode.c.h; path = ViewController.h; sourceTree = "<group>"; };
		7A2684D9244E7700004A7C82 /* ViewController.m */ = {isa = PBXFileReference; lastKnownFileType = sourcecode.c.objc; path = ViewController.m; sourceTree = "<group>"; };
		7A2684DC244E7700004A7C82 /* Base */ = {isa = PBXFileReference; lastKnownFileType = file.storyboard; name = Base; path = Base.lproj/Main.storyboard; sourceTree = "<group>"; };
		7A2684DE244E7701004A7C82 /* Assets.xcassets */ = {isa = PBXFileReference; lastKnownFileType = folder.assetcatalog; path = Assets.xcassets; sourceTree = "<group>"; };
		7A2684E1244E7701004A7C82 /* Base */ = {isa = PBXFileReference; lastKnownFileType = file.storyboard; name = Base; path = Base.lproj/LaunchScreen.storyboard; sourceTree = "<group>"; };
		7A2684E3244E7701004A7C82 /* Info.plist */ = {isa = PBXFileReference; lastKnownFileType = text.plist.xml; path = Info.plist; sourceTree = "<group>"; };
		7A2684E4244E7701004A7C82 /* main.m */ = {isa = PBXFileReference; lastKnownFileType = sourcecode.c.objc; path = main.m; sourceTree = "<group>"; };
		7A2684F1244E824B004A7C82 /* BaseAPI.h */ = {isa = PBXFileReference; fileEncoding = 4; lastKnownFileType = sourcecode.c.h; path = BaseAPI.h; sourceTree = "<group>"; };
		7A2684F2244E824B004A7C82 /* BaseAPI.m */ = {isa = PBXFileReference; fileEncoding = 4; lastKnownFileType = sourcecode.c.objc; path = BaseAPI.m; sourceTree = "<group>"; };
		7A2684F4244E825A004A7C82 /* CNodeAPI.m */ = {isa = PBXFileReference; fileEncoding = 4; lastKnownFileType = sourcecode.c.objc; path = CNodeAPI.m; sourceTree = "<group>"; };
		7A2684F5244E825A004A7C82 /* CNodeAPI.h */ = {isa = PBXFileReference; fileEncoding = 4; lastKnownFileType = sourcecode.c.h; path = CNodeAPI.h; sourceTree = "<group>"; };
		7A2684F7244E8262004A7C82 /* NetworkResponse.m */ = {isa = PBXFileReference; fileEncoding = 4; lastKnownFileType = sourcecode.c.objc; path = NetworkResponse.m; sourceTree = "<group>"; };
		7A2684F8244E8262004A7C82 /* NetworkResponse.h */ = {isa = PBXFileReference; fileEncoding = 4; lastKnownFileType = sourcecode.c.h; path = NetworkResponse.h; sourceTree = "<group>"; };
		7A2684F9244E8262004A7C82 /* NetworkLoggerPlugin.h */ = {isa = PBXFileReference; fileEncoding = 4; lastKnownFileType = sourcecode.c.h; path = NetworkLoggerPlugin.h; sourceTree = "<group>"; };
		7A2684FA244E8263004A7C82 /* NetworkLoggerPlugin.m */ = {isa = PBXFileReference; fileEncoding = 4; lastKnownFileType = sourcecode.c.objc; path = NetworkLoggerPlugin.m; sourceTree = "<group>"; };
		7A2684FB244E8263004A7C82 /* NetworkToastPlugin.h */ = {isa = PBXFileReference; fileEncoding = 4; lastKnownFileType = sourcecode.c.h; path = NetworkToastPlugin.h; sourceTree = "<group>"; };
		7A2684FC244E8263004A7C82 /* NetworkToastPlugin.m */ = {isa = PBXFileReference; fileEncoding = 4; lastKnownFileType = sourcecode.c.objc; path = NetworkToastPlugin.m; sourceTree = "<group>"; };
		7A268507244EB459004A7C82 /* NetworkRequest.h */ = {isa = PBXFileReference; lastKnownFileType = sourcecode.c.h; path = NetworkRequest.h; sourceTree = "<group>"; };
		7A268508244EB459004A7C82 /* NetworkRequest.m */ = {isa = PBXFileReference; lastKnownFileType = sourcecode.c.objc; path = NetworkRequest.m; sourceTree = "<group>"; };
		7A30EA912455B8520066CE8E /* JSNetworkExample.entitlements */ = {isa = PBXFileReference; lastKnownFileType = text.plist.entitlements; path = JSNetworkExample.entitlements; sourceTree = "<group>"; };
		BD48473650C390EFD4AEA50C /* Pods-JSNetworkExample.release.xcconfig */ = {isa = PBXFileReference; includeInIndex = 1; lastKnownFileType = text.xcconfig; name = "Pods-JSNetworkExample.release.xcconfig"; path = "Target Support Files/Pods-JSNetworkExample/Pods-JSNetworkExample.release.xcconfig"; sourceTree = "<group>"; };
/* End PBXFileReference section */

/* Begin PBXFrameworksBuildPhase section */
		7A2684CC244E7700004A7C82 /* Frameworks */ = {
			isa = PBXFrameworksBuildPhase;
			buildActionMask = 2147483647;
			files = (
				4313601C1FE9F5A01CEB76DE /* libPods-JSNetworkExample.a in Frameworks */,
			);
			runOnlyForDeploymentPostprocessing = 0;
		};
/* End PBXFrameworksBuildPhase section */

/* Begin PBXGroup section */
		52CDB40F32C0752A80904AF9 /* Pods */ = {
			isa = PBXGroup;
			children = (
				415F8A3331005085C610FDAD /* Pods-JSNetworkExample.debug.xcconfig */,
				BD48473650C390EFD4AEA50C /* Pods-JSNetworkExample.release.xcconfig */,
			);
			path = Pods;
			sourceTree = "<group>";
		};
		53E0ADECE6834B41DB6F3D52 /* Frameworks */ = {
			isa = PBXGroup;
			children = (
				4D96877093A893C78B41773D /* libPods-JSNetworkExample.a */,
			);
			name = Frameworks;
			sourceTree = "<group>";
		};
		7A2684C6244E7700004A7C82 = {
			isa = PBXGroup;
			children = (
				7A2684D1244E7700004A7C82 /* JSNetworkExample */,
				7A2684D0244E7700004A7C82 /* Products */,
				52CDB40F32C0752A80904AF9 /* Pods */,
				53E0ADECE6834B41DB6F3D52 /* Frameworks */,
			);
			sourceTree = "<group>";
		};
		7A2684D0244E7700004A7C82 /* Products */ = {
			isa = PBXGroup;
			children = (
				7A2684CF244E7700004A7C82 /* JSNetworkExample.app */,
			);
			name = Products;
			sourceTree = "<group>";
		};
		7A2684D1244E7700004A7C82 /* JSNetworkExample */ = {
			isa = PBXGroup;
			children = (
				7A30EA912455B8520066CE8E /* JSNetworkExample.entitlements */,
				7A2684D2244E7700004A7C82 /* AppDelegate.h */,
				7A2684D3244E7700004A7C82 /* AppDelegate.m */,
				7A2684D8244E7700004A7C82 /* ViewController.h */,
				7A2684D9244E7700004A7C82 /* ViewController.m */,
				7A2684ED244E823B004A7C82 /* Services */,
				7A2684DB244E7700004A7C82 /* Main.storyboard */,
				7A2684DE244E7701004A7C82 /* Assets.xcassets */,
				7A2684E0244E7701004A7C82 /* LaunchScreen.storyboard */,
				7A2684E3244E7701004A7C82 /* Info.plist */,
				7A2684E4244E7701004A7C82 /* main.m */,
			);
			path = JSNetworkExample;
			sourceTree = "<group>";
		};
		7A2684ED244E823B004A7C82 /* Services */ = {
			isa = PBXGroup;
			children = (
				7A2684F0244E823B004A7C82 /* Config */,
				7A2684EE244E823B004A7C82 /* Base */,
				7A2684EF244E823B004A7C82 /* Business */,
			);
			path = Services;
			sourceTree = "<group>";
		};
		7A2684EE244E823B004A7C82 /* Base */ = {
			isa = PBXGroup;
			children = (
				7A2684F1244E824B004A7C82 /* BaseAPI.h */,
				7A2684F2244E824B004A7C82 /* BaseAPI.m */,
			);
			path = Base;
			sourceTree = "<group>";
		};
		7A2684EF244E823B004A7C82 /* Business */ = {
			isa = PBXGroup;
			children = (
				7A2684F5244E825A004A7C82 /* CNodeAPI.h */,
				7A2684F4244E825A004A7C82 /* CNodeAPI.m */,
			);
			path = Business;
			sourceTree = "<group>";
		};
		7A2684F0244E823B004A7C82 /* Config */ = {
			isa = PBXGroup;
			children = (
				7A268507244EB459004A7C82 /* NetworkRequest.h */,
				7A268508244EB459004A7C82 /* NetworkRequest.m */,
				7A2684F8244E8262004A7C82 /* NetworkResponse.h */,
				7A2684F7244E8262004A7C82 /* NetworkResponse.m */,
				7A2684F9244E8262004A7C82 /* NetworkLoggerPlugin.h */,
				7A2684FA244E8263004A7C82 /* NetworkLoggerPlugin.m */,
				7A2684FB244E8263004A7C82 /* NetworkToastPlugin.h */,
				7A2684FC244E8263004A7C82 /* NetworkToastPlugin.m */,
			);
			path = Config;
			sourceTree = "<group>";
		};
/* End PBXGroup section */

/* Begin PBXNativeTarget section */
		7A2684CE244E7700004A7C82 /* JSNetworkExample */ = {
			isa = PBXNativeTarget;
			buildConfigurationList = 7A2684E8244E7701004A7C82 /* Build configuration list for PBXNativeTarget "JSNetworkExample" */;
			buildPhases = (
				4B8AE3192DA96DC96E30F9D6 /* [CP] Check Pods Manifest.lock */,
				7A2684CB244E7700004A7C82 /* Sources */,
				7A2684CC244E7700004A7C82 /* Frameworks */,
				7A2684CD244E7700004A7C82 /* Resources */,
				6B1EF49B26CC3E9B507CE15C /* [CP] Copy Pods Resources */,
			);
			buildRules = (
			);
			dependencies = (
			);
			name = JSNetworkExample;
			productName = JSNetworkExample;
			productReference = 7A2684CF244E7700004A7C82 /* JSNetworkExample.app */;
			productType = "com.apple.product-type.application";
		};
/* End PBXNativeTarget section */

/* Begin PBXProject section */
		7A2684C7244E7700004A7C82 /* Project object */ = {
			isa = PBXProject;
			attributes = {
				LastUpgradeCheck = 1140;
				ORGANIZATIONNAME = jiasong;
				TargetAttributes = {
					7A2684CE244E7700004A7C82 = {
						CreatedOnToolsVersion = 11.4.1;
					};
				};
			};
			buildConfigurationList = 7A2684CA244E7700004A7C82 /* Build configuration list for PBXProject "JSNetworkExample" */;
			compatibilityVersion = "Xcode 9.3";
			developmentRegion = en;
			hasScannedForEncodings = 0;
			knownRegions = (
				en,
				Base,
			);
			mainGroup = 7A2684C6244E7700004A7C82;
			productRefGroup = 7A2684D0244E7700004A7C82 /* Products */;
			projectDirPath = "";
			projectRoot = "";
			targets = (
				7A2684CE244E7700004A7C82 /* JSNetworkExample */,
			);
		};
/* End PBXProject section */

/* Begin PBXResourcesBuildPhase section */
		7A2684CD244E7700004A7C82 /* Resources */ = {
			isa = PBXResourcesBuildPhase;
			buildActionMask = 2147483647;
			files = (
				7A2684E2244E7701004A7C82 /* LaunchScreen.storyboard in Resources */,
				7A2684DF244E7701004A7C82 /* Assets.xcassets in Resources */,
				7A2684DD244E7700004A7C82 /* Main.storyboard in Resources */,
			);
			runOnlyForDeploymentPostprocessing = 0;
		};
/* End PBXResourcesBuildPhase section */

/* Begin PBXShellScriptBuildPhase section */
		4B8AE3192DA96DC96E30F9D6 /* [CP] Check Pods Manifest.lock */ = {
			isa = PBXShellScriptBuildPhase;
			buildActionMask = 2147483647;
			files = (
			);
			inputFileListPaths = (
			);
			inputPaths = (
				"${PODS_PODFILE_DIR_PATH}/Podfile.lock",
				"${PODS_ROOT}/Manifest.lock",
			);
			name = "[CP] Check Pods Manifest.lock";
			outputFileListPaths = (
			);
			outputPaths = (
				"$(DERIVED_FILE_DIR)/Pods-JSNetworkExample-checkManifestLockResult.txt",
			);
			runOnlyForDeploymentPostprocessing = 0;
			shellPath = /bin/sh;
			shellScript = "diff \"${PODS_PODFILE_DIR_PATH}/Podfile.lock\" \"${PODS_ROOT}/Manifest.lock\" > /dev/null\nif [ $? != 0 ] ; then\n    # print error to STDERR\n    echo \"error: The sandbox is not in sync with the Podfile.lock. Run 'pod install' or update your CocoaPods installation.\" >&2\n    exit 1\nfi\n# This output is used by Xcode 'outputs' to avoid re-running this script phase.\necho \"SUCCESS\" > \"${SCRIPT_OUTPUT_FILE_0}\"\n";
			showEnvVarsInLog = 0;
		};
		6B1EF49B26CC3E9B507CE15C /* [CP] Copy Pods Resources */ = {
			isa = PBXShellScriptBuildPhase;
			buildActionMask = 2147483647;
			files = (
			);
			inputFileListPaths = (
				"${PODS_ROOT}/Target Support Files/Pods-JSNetworkExample/Pods-JSNetworkExample-resources-${CONFIGURATION}-input-files.xcfilelist",
			);
			name = "[CP] Copy Pods Resources";
			outputFileListPaths = (
				"${PODS_ROOT}/Target Support Files/Pods-JSNetworkExample/Pods-JSNetworkExample-resources-${CONFIGURATION}-output-files.xcfilelist",
			);
			runOnlyForDeploymentPostprocessing = 0;
			shellPath = /bin/sh;
			shellScript = "\"${PODS_ROOT}/Target Support Files/Pods-JSNetworkExample/Pods-JSNetworkExample-resources.sh\"\n";
			showEnvVarsInLog = 0;
		};
/* End PBXShellScriptBuildPhase section */

/* Begin PBXSourcesBuildPhase section */
		7A2684CB244E7700004A7C82 /* Sources */ = {
			isa = PBXSourcesBuildPhase;
			buildActionMask = 2147483647;
			files = (
				7A2684FE244E8263004A7C82 /* NetworkLoggerPlugin.m in Sources */,
				7A2684DA244E7700004A7C82 /* ViewController.m in Sources */,
				7A2684F3244E824B004A7C82 /* BaseAPI.m in Sources */,
				7A268509244EB459004A7C82 /* NetworkRequest.m in Sources */,
				7A2684FF244E8263004A7C82 /* NetworkToastPlugin.m in Sources */,
				7A2684D4244E7700004A7C82 /* AppDelegate.m in Sources */,
				7A2684E5244E7701004A7C82 /* main.m in Sources */,
				7A2684F6244E825A004A7C82 /* CNodeAPI.m in Sources */,
				7A2684FD244E8263004A7C82 /* NetworkResponse.m in Sources */,
			);
			runOnlyForDeploymentPostprocessing = 0;
		};
/* End PBXSourcesBuildPhase section */

/* Begin PBXVariantGroup section */
		7A2684DB244E7700004A7C82 /* Main.storyboard */ = {
			isa = PBXVariantGroup;
			children = (
				7A2684DC244E7700004A7C82 /* Base */,
			);
			name = Main.storyboard;
			sourceTree = "<group>";
		};
		7A2684E0244E7701004A7C82 /* LaunchScreen.storyboard */ = {
			isa = PBXVariantGroup;
			children = (
				7A2684E1244E7701004A7C82 /* Base */,
			);
			name = LaunchScreen.storyboard;
			sourceTree = "<group>";
		};
/* End PBXVariantGroup section */

/* Begin XCBuildConfiguration section */
		7A2684E6244E7701004A7C82 /* Debug */ = {
			isa = XCBuildConfiguration;
			buildSettings = {
				ALWAYS_SEARCH_USER_PATHS = NO;
				CLANG_ANALYZER_NONNULL = YES;
				CLANG_ANALYZER_NUMBER_OBJECT_CONVERSION = YES_AGGRESSIVE;
				CLANG_CXX_LANGUAGE_STANDARD = "gnu++14";
				CLANG_CXX_LIBRARY = "libc++";
				CLANG_ENABLE_MODULES = YES;
				CLANG_ENABLE_OBJC_ARC = YES;
				CLANG_ENABLE_OBJC_WEAK = YES;
				CLANG_WARN_BLOCK_CAPTURE_AUTORELEASING = YES;
				CLANG_WARN_BOOL_CONVERSION = YES;
				CLANG_WARN_COMMA = YES;
				CLANG_WARN_CONSTANT_CONVERSION = YES;
				CLANG_WARN_DEPRECATED_OBJC_IMPLEMENTATIONS = YES;
				CLANG_WARN_DIRECT_OBJC_ISA_USAGE = YES_ERROR;
				CLANG_WARN_DOCUMENTATION_COMMENTS = YES;
				CLANG_WARN_EMPTY_BODY = YES;
				CLANG_WARN_ENUM_CONVERSION = YES;
				CLANG_WARN_INFINITE_RECURSION = YES;
				CLANG_WARN_INT_CONVERSION = YES;
				CLANG_WARN_NON_LITERAL_NULL_CONVERSION = YES;
				CLANG_WARN_OBJC_IMPLICIT_RETAIN_SELF = YES;
				CLANG_WARN_OBJC_LITERAL_CONVERSION = YES;
				CLANG_WARN_OBJC_ROOT_CLASS = YES_ERROR;
				CLANG_WARN_RANGE_LOOP_ANALYSIS = YES;
				CLANG_WARN_STRICT_PROTOTYPES = YES;
				CLANG_WARN_SUSPICIOUS_MOVE = YES;
				CLANG_WARN_UNGUARDED_AVAILABILITY = YES_AGGRESSIVE;
				CLANG_WARN_UNREACHABLE_CODE = YES;
				CLANG_WARN__DUPLICATE_METHOD_MATCH = YES;
				COPY_PHASE_STRIP = NO;
				DEBUG_INFORMATION_FORMAT = dwarf;
				ENABLE_STRICT_OBJC_MSGSEND = YES;
				ENABLE_TESTABILITY = YES;
				GCC_C_LANGUAGE_STANDARD = gnu11;
				GCC_DYNAMIC_NO_PIC = NO;
				GCC_NO_COMMON_BLOCKS = YES;
				GCC_OPTIMIZATION_LEVEL = 0;
				GCC_PREPROCESSOR_DEFINITIONS = (
					"DEBUG=1",
					"$(inherited)",
				);
				GCC_WARN_64_TO_32_BIT_CONVERSION = YES;
				GCC_WARN_ABOUT_RETURN_TYPE = YES_ERROR;
				GCC_WARN_UNDECLARED_SELECTOR = YES;
				GCC_WARN_UNINITIALIZED_AUTOS = YES_AGGRESSIVE;
				GCC_WARN_UNUSED_FUNCTION = YES;
				GCC_WARN_UNUSED_VARIABLE = YES;
				IPHONEOS_DEPLOYMENT_TARGET = 13.4;
				MTL_ENABLE_DEBUG_INFO = INCLUDE_SOURCE;
				MTL_FAST_MATH = YES;
				ONLY_ACTIVE_ARCH = YES;
				SDKROOT = iphoneos;
			};
			name = Debug;
		};
		7A2684E7244E7701004A7C82 /* Release */ = {
			isa = XCBuildConfiguration;
			buildSettings = {
				ALWAYS_SEARCH_USER_PATHS = NO;
				CLANG_ANALYZER_NONNULL = YES;
				CLANG_ANALYZER_NUMBER_OBJECT_CONVERSION = YES_AGGRESSIVE;
				CLANG_CXX_LANGUAGE_STANDARD = "gnu++14";
				CLANG_CXX_LIBRARY = "libc++";
				CLANG_ENABLE_MODULES = YES;
				CLANG_ENABLE_OBJC_ARC = YES;
				CLANG_ENABLE_OBJC_WEAK = YES;
				CLANG_WARN_BLOCK_CAPTURE_AUTORELEASING = YES;
				CLANG_WARN_BOOL_CONVERSION = YES;
				CLANG_WARN_COMMA = YES;
				CLANG_WARN_CONSTANT_CONVERSION = YES;
				CLANG_WARN_DEPRECATED_OBJC_IMPLEMENTATIONS = YES;
				CLANG_WARN_DIRECT_OBJC_ISA_USAGE = YES_ERROR;
				CLANG_WARN_DOCUMENTATION_COMMENTS = YES;
				CLANG_WARN_EMPTY_BODY = YES;
				CLANG_WARN_ENUM_CONVERSION = YES;
				CLANG_WARN_INFINITE_RECURSION = YES;
				CLANG_WARN_INT_CONVERSION = YES;
				CLANG_WARN_NON_LITERAL_NULL_CONVERSION = YES;
				CLANG_WARN_OBJC_IMPLICIT_RETAIN_SELF = YES;
				CLANG_WARN_OBJC_LITERAL_CONVERSION = YES;
				CLANG_WARN_OBJC_ROOT_CLASS = YES_ERROR;
				CLANG_WARN_RANGE_LOOP_ANALYSIS = YES;
				CLANG_WARN_STRICT_PROTOTYPES = YES;
				CLANG_WARN_SUSPICIOUS_MOVE = YES;
				CLANG_WARN_UNGUARDED_AVAILABILITY = YES_AGGRESSIVE;
				CLANG_WARN_UNREACHABLE_CODE = YES;
				CLANG_WARN__DUPLICATE_METHOD_MATCH = YES;
				COPY_PHASE_STRIP = NO;
				DEBUG_INFORMATION_FORMAT = "dwarf-with-dsym";
				ENABLE_NS_ASSERTIONS = NO;
				ENABLE_STRICT_OBJC_MSGSEND = YES;
				GCC_C_LANGUAGE_STANDARD = gnu11;
				GCC_NO_COMMON_BLOCKS = YES;
				GCC_WARN_64_TO_32_BIT_CONVERSION = YES;
				GCC_WARN_ABOUT_RETURN_TYPE = YES_ERROR;
				GCC_WARN_UNDECLARED_SELECTOR = YES;
				GCC_WARN_UNINITIALIZED_AUTOS = YES_AGGRESSIVE;
				GCC_WARN_UNUSED_FUNCTION = YES;
				GCC_WARN_UNUSED_VARIABLE = YES;
				IPHONEOS_DEPLOYMENT_TARGET = 13.4;
				MTL_ENABLE_DEBUG_INFO = NO;
				MTL_FAST_MATH = YES;
				SDKROOT = iphoneos;
				VALIDATE_PRODUCT = YES;
			};
			name = Release;
		};
		7A2684E9244E7701004A7C82 /* Debug */ = {
			isa = XCBuildConfiguration;
			baseConfigurationReference = 415F8A3331005085C610FDAD /* Pods-JSNetworkExample.debug.xcconfig */;
			buildSettings = {
				ASSETCATALOG_COMPILER_APPICON_NAME = AppIcon;
				CODE_SIGN_ENTITLEMENTS = JSNetworkExample/JSNetworkExample.entitlements;
				CODE_SIGN_STYLE = Automatic;
				DEVELOPMENT_TEAM = KJ6AEY5JEH;
				INFOPLIST_FILE = JSNetworkExample/Info.plist;
				IPHONEOS_DEPLOYMENT_TARGET = 9.0;
				LD_RUNPATH_SEARCH_PATHS = (
					"$(inherited)",
					"@executable_path/Frameworks",
				);
				PRODUCT_BUNDLE_IDENTIFIER = com.jsnetwork.example;
				PRODUCT_NAME = "$(TARGET_NAME)";
				SUPPORTS_MACCATALYST = YES;
				TARGETED_DEVICE_FAMILY = "1,2";
			};
			name = Debug;
		};
		7A2684EA244E7701004A7C82 /* Release */ = {
			isa = XCBuildConfiguration;
			baseConfigurationReference = BD48473650C390EFD4AEA50C /* Pods-JSNetworkExample.release.xcconfig */;
			buildSettings = {
				ASSETCATALOG_COMPILER_APPICON_NAME = AppIcon;
				CODE_SIGN_ENTITLEMENTS = JSNetworkExample/JSNetworkExample.entitlements;
				CODE_SIGN_STYLE = Automatic;
				DEVELOPMENT_TEAM = KJ6AEY5JEH;
				INFOPLIST_FILE = JSNetworkExample/Info.plist;
				IPHONEOS_DEPLOYMENT_TARGET = 9.0;
				LD_RUNPATH_SEARCH_PATHS = (
					"$(inherited)",
					"@executable_path/Frameworks",
				);
				PRODUCT_BUNDLE_IDENTIFIER = com.jsnetwork.example;
				PRODUCT_NAME = "$(TARGET_NAME)";
				SUPPORTS_MACCATALYST = YES;
				TARGETED_DEVICE_FAMILY = "1,2";
			};
			name = Release;
		};
/* End XCBuildConfiguration section */

/* Begin XCConfigurationList section */
		7A2684CA244E7700004A7C82 /* Build configuration list for PBXProject "JSNetworkExample" */ = {
			isa = XCConfigurationList;
			buildConfigurations = (
				7A2684E6244E7701004A7C82 /* Debug */,
				7A2684E7244E7701004A7C82 /* Release */,
			);
			defaultConfigurationIsVisible = 0;
			defaultConfigurationName = Release;
		};
		7A2684E8244E7701004A7C82 /* Build configuration list for PBXNativeTarget "JSNetworkExample" */ = {
			isa = XCConfigurationList;
			buildConfigurations = (
				7A2684E9244E7701004A7C82 /* Debug */,
				7A2684EA244E7701004A7C82 /* Release */,
			);
			defaultConfigurationIsVisible = 0;
			defaultConfigurationName = Release;
		};
/* End XCConfigurationList section */
	};
	rootObject = 7A2684C7244E7700004A7C82 /* Project object */;
}
